
Microsoft Visual Studio Solution File, Format Version 12.00
# Visual Studio Version 17
VisualStudioVersion = 17.5.33414.496
MinimumVisualStudioVersion = 10.0.40219.1
Project("{8BC9CEB8-8B4A-11D0-8D11-00A0C91BC942}") = "VariableChangeSimulation", "VariableChangeSimulation.vcxproj", "{F6114972-02DA-4FD5-84B9-1D3EE6A4EB37}"
EndProject
Global
	GlobalSection(SolutionConfigurationPlatforms) = preSolution
		Debug|x64 = Debug|x64
		Debug|x86 = Debug|x86
		Release|x64 = Release|x64
		Release|x86 = Release|x86
	EndGlobalSection
	GlobalSection(ProjectConfigurationPlatforms) = postSolution
		{F6114972-02DA-4FD5-84B9-1D3EE6A4EB37}.Debug|x64.ActiveCfg = Debug|x64
		{F6114972-02DA-4FD5-84B9-1D3EE6A4EB37}.Debug|x64.Build.0 = Debug|x64
		{F6114972-02DA-4FD5-84B9-1D3EE6A4EB37}.Debug|x86.ActiveCfg = Debug|Win32
		{F6114972-02DA-4FD5-84B9-1D3EE6A4EB37}.Debug|x86.Build.0 = Debug|Win32
		{F6114972-02DA-4FD5-84B9-1D3EE6A4EB37}.Release|x64.ActiveCfg = Release|x64
		{F6114972-02DA-4FD5-84B9-1D3EE6A4EB37}.Release|x64.Build.0 = Release|x64
		{F6114972-02DA-4FD5-84B9-1D3EE6A4EB37}.Release|x86.ActiveCfg = Release|Win32
		{F6114972-02DA-4FD5-84B9-1D3EE6A4EB37}.Release|x86.Build.0 = Release|Win32
	EndGlobalSection
	GlobalSection(SolutionProperties) = preSolution
		HideSolutionNode = FALSE
	EndGlobalSection
	GlobalSection(ExtensibilityGlobals) = postSolution
		SolutionGuid = {F9FE9DCB-3FD7-4B67-8197-6B8BA24C5AE1}
	EndGlobalSection
EndGlobal
